
Microsoft Visual Studio Solution File, Format Version 12.00
# Visual Studio Version 16
VisualStudioVersion = 16.0.29926.136
MinimumVisualStudioVersion = 10.0.40219.1
Project("{FAE04EC0-301F-11D3-BF4B-00C04F79EFBC}") = "DataBindExample", "DataBindExample\DataBindExample.csproj", "{156BC0A4-0825-432D-A14E-CCC26CCCA912}"
EndProject
Project("{FAE04EC0-301F-11D3-BF4B-00C04F79EFBC}") = "RentACar", "RentACar\RentACar.csproj", "{3B4B0DFF-FCFE-4317-B913-0846C2F8F7C3}"
EndProject
Global
	GlobalSection(SolutionConfigurationPlatforms) = preSolution
		Debug|Any CPU = Debug|Any CPU
		Release|Any CPU = Release|Any CPU
	EndGlobalSection
	GlobalSection(ProjectConfigurationPlatforms) = postSolution
		{156BC0A4-0825-432D-A14E-CCC26CCCA912}.Debug|Any CPU.ActiveCfg = Debug|Any CPU
		{156BC0A4-0825-432D-A14E-CCC26CCCA912}.Debug|Any CPU.Build.0 = Debug|Any CPU
		{156BC0A4-0825-432D-A14E-CCC26CCCA912}.Release|Any CPU.ActiveCfg = Release|Any CPU
		{156BC0A4-0825-432D-A14E-CCC26CCCA912}.Release|Any CPU.Build.0 = Release|Any CPU
		{3B4B0DFF-FCFE-4317-B913-0846C2F8F7C3}.Debug|Any CPU.ActiveCfg = Debug|Any CPU
		{3B4B0DFF-FCFE-4317-B913-0846C2F8F7C3}.Debug|Any CPU.Build.0 = Debug|Any CPU
		{3B4B0DFF-FCFE-4317-B913-0846C2F8F7C3}.Release|Any CPU.ActiveCfg = Release|Any CPU
		{3B4B0DFF-FCFE-4317-B913-0846C2F8F7C3}.Release|Any CPU.Build.0 = Release|Any CPU
	EndGlobalSection
	GlobalSection(SolutionProperties) = preSolution
		HideSolutionNode = FALSE
	EndGlobalSection
	GlobalSection(ExtensibilityGlobals) = postSolution
		SolutionGuid = {64AB96A0-0B5A-409B-BAB2-FDAE2BA6D4D7}
	EndGlobalSection
EndGlobal
